// !$*UTF8*$!
{
	archiveVersion = 1;
	classes = {
	};
	objectVersion = 56;
	objects = {

/* Begin PBXBuildFile section */
		5798A4AD2C5DFE4400FCAA66 /* KeybaordsApp.swift in Sources */ = {isa = PBXBuildFile; fileRef = 5798A4AC2C5DFE4400FCAA66 /* KeybaordsApp.swift */; };
		5798A4AF2C5DFE4400FCAA66 /* ContentView.swift in Sources */ = {isa = PBXBuildFile; fileRef = 5798A4AE2C5DFE4400FCAA66 /* ContentView.swift */; };
		5798A4B12C5DFE4600FCAA66 /* Assets.xcassets in Resources */ = {isa = PBXBuildFile; fileRef = 5798A4B02C5DFE4600FCAA66 /* Assets.xcassets */; };
		5798A4B42C5DFE4600FCAA66 /* Preview Assets.xcassets in Resources */ = {isa = PBXBuildFile; fileRef = 5798A4B32C5DFE4600FCAA66 /* Preview Assets.xcassets */; };
		5798A4C12C5EE8AD00FCAA66 /* KeyboardViewController.swift in Sources */ = {isa = PBXBuildFile; fileRef = 5798A4C02C5EE8AD00FCAA66 /* KeyboardViewController.swift */; };
		5798A4C52C5EE8AD00FCAA66 /* Hoie Keyboard.appex in Embed Foundation Extensions */ = {isa = PBXBuildFile; fileRef = 5798A4BE2C5EE8AD00FCAA66 /* Hoie Keyboard.appex */; settings = {ATTRIBUTES = (RemoveHeadersOnCopy, ); }; };
		5798A4CB2C6055FF00FCAA66 /* Key.swift in Sources */ = {isa = PBXBuildFile; fileRef = 5798A4CA2C6055FF00FCAA66 /* Key.swift */; };
		5798A4CD2C605C8E00FCAA66 /* EnglishKeySet.swift in Sources */ = {isa = PBXBuildFile; fileRef = 5798A4CC2C605C8E00FCAA66 /* EnglishKeySet.swift */; };
		5798A4CF2C6092B300FCAA66 /* KoreanKeySet.swift in Sources */ = {isa = PBXBuildFile; fileRef = 5798A4CE2C6092B300FCAA66 /* KoreanKeySet.swift */; };
		5798A4D12C609D1C00FCAA66 /* UIButton.swift in Sources */ = {isa = PBXBuildFile; fileRef = 5798A4D02C609D1C00FCAA66 /* UIButton.swift */; };
/* End PBXBuildFile section */

/* Begin PBXContainerItemProxy section */
		5798A4C32C5EE8AD00FCAA66 /* PBXContainerItemProxy */ = {
			isa = PBXContainerItemProxy;
			containerPortal = 5798A4A12C5DFE4400FCAA66 /* Project object */;
			proxyType = 1;
			remoteGlobalIDString = 5798A4BD2C5EE8AD00FCAA66;
			remoteInfo = "Hoie Keyboard";
		};
/* End PBXContainerItemProxy section */

/* Begin PBXCopyFilesBuildPhase section */
		5798A4C92C5EE8AD00FCAA66 /* Embed Foundation Extensions */ = {
			isa = PBXCopyFilesBuildPhase;
			buildActionMask = 2147483647;
			dstPath = "";
			dstSubfolderSpec = 13;
			files = (
				5798A4C52C5EE8AD00FCAA66 /* Hoie Keyboard.appex in Embed Foundation Extensions */,
			);
			name = "Embed Foundation Extensions";
			runOnlyForDeploymentPostprocessing = 0;
		};
/* End PBXCopyFilesBuildPhase section */

/* Begin PBXFileReference section */
		5798A4A92C5DFE4400FCAA66 /* Keybaords.app */ = {isa = PBXFileReference; explicitFileType = wrapper.application; includeInIndex = 0; path = Keybaords.app; sourceTree = BUILT_PRODUCTS_DIR; };
		5798A4AC2C5DFE4400FCAA66 /* KeybaordsApp.swift */ = {isa = PBXFileReference; lastKnownFileType = sourcecode.swift; path = KeybaordsApp.swift; sourceTree = "<group>"; };
		5798A4AE2C5DFE4400FCAA66 /* ContentView.swift */ = {isa = PBXFileReference; lastKnownFileType = sourcecode.swift; path = ContentView.swift; sourceTree = "<group>"; };
		5798A4B02C5DFE4600FCAA66 /* Assets.xcassets */ = {isa = PBXFileReference; lastKnownFileType = folder.assetcatalog; path = Assets.xcassets; sourceTree = "<group>"; };
		5798A4B32C5DFE4600FCAA66 /* Preview Assets.xcassets */ = {isa = PBXFileReference; lastKnownFileType = folder.assetcatalog; path = "Preview Assets.xcassets"; sourceTree = "<group>"; };
		5798A4BE2C5EE8AD00FCAA66 /* Hoie Keyboard.appex */ = {isa = PBXFileReference; explicitFileType = "wrapper.app-extension"; includeInIndex = 0; path = "Hoie Keyboard.appex"; sourceTree = BUILT_PRODUCTS_DIR; };
		5798A4C02C5EE8AD00FCAA66 /* KeyboardViewController.swift */ = {isa = PBXFileReference; lastKnownFileType = sourcecode.swift; path = KeyboardViewController.swift; sourceTree = "<group>"; };
		5798A4C22C5EE8AD00FCAA66 /* Info.plist */ = {isa = PBXFileReference; lastKnownFileType = text.plist.xml; path = Info.plist; sourceTree = "<group>"; };
		5798A4CA2C6055FF00FCAA66 /* Key.swift */ = {isa = PBXFileReference; lastKnownFileType = sourcecode.swift; path = Key.swift; sourceTree = "<group>"; };
		5798A4CC2C605C8E00FCAA66 /* EnglishKeySet.swift */ = {isa = PBXFileReference; lastKnownFileType = sourcecode.swift; path = EnglishKeySet.swift; sourceTree = "<group>"; };
		5798A4CE2C6092B300FCAA66 /* KoreanKeySet.swift */ = {isa = PBXFileReference; lastKnownFileType = sourcecode.swift; path = KoreanKeySet.swift; sourceTree = "<group>"; };
		5798A4D02C609D1C00FCAA66 /* UIButton.swift */ = {isa = PBXFileReference; lastKnownFileType = sourcecode.swift; path = UIButton.swift; sourceTree = "<group>"; };
/* End PBXFileReference section */

/* Begin PBXFrameworksBuildPhase section */
		5798A4A62C5DFE4400FCAA66 /* Frameworks */ = {
			isa = PBXFrameworksBuildPhase;
			buildActionMask = 2147483647;
			files = (
			);
			runOnlyForDeploymentPostprocessing = 0;
		};
		5798A4BB2C5EE8AD00FCAA66 /* Frameworks */ = {
			isa = PBXFrameworksBuildPhase;
			buildActionMask = 2147483647;
			files = (
			);
			runOnlyForDeploymentPostprocessing = 0;
		};
/* End PBXFrameworksBuildPhase section */

/* Begin PBXGroup section */
		5798A4A02C5DFE4400FCAA66 = {
			isa = PBXGroup;
			children = (
				5798A4AB2C5DFE4400FCAA66 /* Keybaords */,
				5798A4BF2C5EE8AD00FCAA66 /* Hoie Keyboard */,
				5798A4AA2C5DFE4400FCAA66 /* Products */,
			);
			sourceTree = "<group>";
		};
		5798A4AA2C5DFE4400FCAA66 /* Products */ = {
			isa = PBXGroup;
			children = (
				5798A4A92C5DFE4400FCAA66 /* Keybaords.app */,
				5798A4BE2C5EE8AD00FCAA66 /* Hoie Keyboard.appex */,
			);
			name = Products;
			sourceTree = "<group>";
		};
		5798A4AB2C5DFE4400FCAA66 /* Keybaords */ = {
			isa = PBXGroup;
			children = (
				5798A4AC2C5DFE4400FCAA66 /* KeybaordsApp.swift */,
				5798A4AE2C5DFE4400FCAA66 /* ContentView.swift */,
				5798A4B02C5DFE4600FCAA66 /* Assets.xcassets */,
				5798A4B22C5DFE4600FCAA66 /* Preview Content */,
			);
			path = Keybaords;
			sourceTree = "<group>";
		};
		5798A4B22C5DFE4600FCAA66 /* Preview Content */ = {
			isa = PBXGroup;
			children = (
				5798A4B32C5DFE4600FCAA66 /* Preview Assets.xcassets */,
			);
			path = "Preview Content";
			sourceTree = "<group>";
		};
		5798A4BF2C5EE8AD00FCAA66 /* Hoie Keyboard */ = {
			isa = PBXGroup;
			children = (
				5798A4C02C5EE8AD00FCAA66 /* KeyboardViewController.swift */,
				5798A4C22C5EE8AD00FCAA66 /* Info.plist */,
				5798A4CA2C6055FF00FCAA66 /* Key.swift */,
				5798A4CC2C605C8E00FCAA66 /* EnglishKeySet.swift */,
				5798A4CE2C6092B300FCAA66 /* KoreanKeySet.swift */,
				5798A4D02C609D1C00FCAA66 /* UIButton.swift */,
			);
			path = "Hoie Keyboard";
			sourceTree = "<group>";
		};
/* End PBXGroup section */

/* Begin PBXNativeTarget section */
		5798A4A82C5DFE4400FCAA66 /* Keybaords */ = {
			isa = PBXNativeTarget;
			buildConfigurationList = 5798A4B72C5DFE4600FCAA66 /* Build configuration list for PBXNativeTarget "Keybaords" */;
			buildPhases = (
				5798A4A52C5DFE4400FCAA66 /* Sources */,
				5798A4A62C5DFE4400FCAA66 /* Frameworks */,
				5798A4A72C5DFE4400FCAA66 /* Resources */,
				5798A4C92C5EE8AD00FCAA66 /* Embed Foundation Extensions */,
			);
			buildRules = (
			);
			dependencies = (
				5798A4C42C5EE8AD00FCAA66 /* PBXTargetDependency */,
			);
			name = Keybaords;
			productName = Keybaords;
			productReference = 5798A4A92C5DFE4400FCAA66 /* Keybaords.app */;
			productType = "com.apple.product-type.application";
		};
		5798A4BD2C5EE8AD00FCAA66 /* Hoie Keyboard */ = {
			isa = PBXNativeTarget;
			buildConfigurationList = 5798A4C62C5EE8AD00FCAA66 /* Build configuration list for PBXNativeTarget "Hoie Keyboard" */;
			buildPhases = (
				5798A4BA2C5EE8AD00FCAA66 /* Sources */,
				5798A4BB2C5EE8AD00FCAA66 /* Frameworks */,
				5798A4BC2C5EE8AD00FCAA66 /* Resources */,
			);
			buildRules = (
			);
			dependencies = (
			);
			name = "Hoie Keyboard";
			productName = "Hoie Keyboard";
			productReference = 5798A4BE2C5EE8AD00FCAA66 /* Hoie Keyboard.appex */;
			productType = "com.apple.product-type.app-extension";
		};
/* End PBXNativeTarget section */

/* Begin PBXProject section */
		5798A4A12C5DFE4400FCAA66 /* Project object */ = {
			isa = PBXProject;
			attributes = {
				BuildIndependentTargetsInParallel = 1;
				LastSwiftUpdateCheck = 1540;
				LastUpgradeCheck = 1540;
				TargetAttributes = {
					5798A4A82C5DFE4400FCAA66 = {
						CreatedOnToolsVersion = 15.4;
					};
					5798A4BD2C5EE8AD00FCAA66 = {
						CreatedOnToolsVersion = 15.4;
					};
				};
			};
			buildConfigurationList = 5798A4A42C5DFE4400FCAA66 /* Build configuration list for PBXProject "Keybaords" */;
			compatibilityVersion = "Xcode 14.0";
			developmentRegion = en;
			hasScannedForEncodings = 0;
			knownRegions = (
				en,
				Base,
			);
			mainGroup = 5798A4A02C5DFE4400FCAA66;
			productRefGroup = 5798A4AA2C5DFE4400FCAA66 /* Products */;
			projectDirPath = "";
			projectRoot = "";
			targets = (
				5798A4A82C5DFE4400FCAA66 /* Keybaords */,
				5798A4BD2C5EE8AD00FCAA66 /* Hoie Keyboard */,
			);
		};
/* End PBXProject section */

/* Begin PBXResourcesBuildPhase section */
		5798A4A72C5DFE4400FCAA66 /* Resources */ = {
			isa = PBXResourcesBuildPhase;
			buildActionMask = 2147483647;
			files = (
				5798A4B42C5DFE4600FCAA66 /* Preview Assets.xcassets in Resources */,
				5798A4B12C5DFE4600FCAA66 /* Assets.xcassets in Resources */,
			);
			runOnlyForDeploymentPostprocessing = 0;
		};
		5798A4BC2C5EE8AD00FCAA66 /* Resources */ = {
			isa = PBXResourcesBuildPhase;
			buildActionMask = 2147483647;
			files = (
			);
			runOnlyForDeploymentPostprocessing = 0;
		};
/* End PBXResourcesBuildPhase section */

/* Begin PBXSourcesBuildPhase section */
		5798A4A52C5DFE4400FCAA66 /* Sources */ = {
			isa = PBXSourcesBuildPhase;
			buildActionMask = 2147483647;
			files = (
				5798A4AF2C5DFE4400FCAA66 /* ContentView.swift in Sources */,
				5798A4AD2C5DFE4400FCAA66 /* KeybaordsApp.swift in Sources */,
			);
			runOnlyForDeploymentPostprocessing = 0;
		};
		5798A4BA2C5EE8AD00FCAA66 /* Sources */ = {
			isa = PBXSourcesBuildPhase;
			buildActionMask = 2147483647;
			files = (
				5798A4C12C5EE8AD00FCAA66 /* KeyboardViewController.swift in Sources */,
				5798A4CB2C6055FF00FCAA66 /* Key.swift in Sources */,
				5798A4CF2C6092B300FCAA66 /* KoreanKeySet.swift in Sources */,
				5798A4CD2C605C8E00FCAA66 /* EnglishKeySet.swift in Sources */,
				5798A4D12C609D1C00FCAA66 /* UIButton.swift in Sources */,
			);
			runOnlyForDeploymentPostprocessing = 0;
		};
/* End PBXSourcesBuildPhase section */

/* Begin PBXTargetDependency section */
		5798A4C42C5EE8AD00FCAA66 /* PBXTargetDependency */ = {
			isa = PBXTargetDependency;
			target = 5798A4BD2C5EE8AD00FCAA66 /* Hoie Keyboard */;
			targetProxy = 5798A4C32C5EE8AD00FCAA66 /* PBXContainerItemProxy */;
		};
/* End PBXTargetDependency section */

/* Begin XCBuildConfiguration section */
		5798A4B52C5DFE4600FCAA66 /* Debug */ = {
			isa = XCBuildConfiguration;
			buildSettings = {
				ALWAYS_SEARCH_USER_PATHS = NO;
				ASSETCATALOG_COMPILER_GENERATE_SWIFT_ASSET_SYMBOL_EXTENSIONS = YES;
				CLANG_ANALYZER_NONNULL = YES;
				CLANG_ANALYZER_NUMBER_OBJECT_CONVERSION = YES_AGGRESSIVE;
				CLANG_CXX_LANGUAGE_STANDARD = "gnu++20";
				CLANG_ENABLE_MODULES = YES;
				CLANG_ENABLE_OBJC_ARC = YES;
				CLANG_ENABLE_OBJC_WEAK = YES;
				CLANG_WARN_BLOCK_CAPTURE_AUTORELEASING = YES;
				CLANG_WARN_BOOL_CONVERSION = YES;
				CLANG_WARN_COMMA = YES;
				CLANG_WARN_CONSTANT_CONVERSION = YES;
				CLANG_WARN_DEPRECATED_OBJC_IMPLEMENTATIONS = YES;
				CLANG_WARN_DIRECT_OBJC_ISA_USAGE = YES_ERROR;
				CLANG_WARN_DOCUMENTATION_COMMENTS = YES;
				CLANG_WARN_EMPTY_BODY = YES;
				CLANG_WARN_ENUM_CONVERSION = YES;
				CLANG_WARN_INFINITE_RECURSION = YES;
				CLANG_WARN_INT_CONVERSION = YES;
				CLANG_WARN_NON_LITERAL_NULL_CONVERSION = YES;
				CLANG_WARN_OBJC_IMPLICIT_RETAIN_SELF = YES;
				CLANG_WARN_OBJC_LITERAL_CONVERSION = YES;
				CLANG_WARN_OBJC_ROOT_CLASS = YES_ERROR;
				CLANG_WARN_QUOTED_INCLUDE_IN_FRAMEWORK_HEADER = YES;
				CLANG_WARN_RANGE_LOOP_ANALYSIS = YES;
				CLANG_WARN_STRICT_PROTOTYPES = YES;
				CLANG_WARN_SUSPICIOUS_MOVE = YES;
				CLANG_WARN_UNGUARDED_AVAILABILITY = YES_AGGRESSIVE;
				CLANG_WARN_UNREACHABLE_CODE = YES;
				CLANG_WARN__DUPLICATE_METHOD_MATCH = YES;
				COPY_PHASE_STRIP = NO;
				DEBUG_INFORMATION_FORMAT = dwarf;
				ENABLE_STRICT_OBJC_MSGSEND = YES;
				ENABLE_TESTABILITY = YES;
				ENABLE_USER_SCRIPT_SANDBOXING = YES;
				GCC_C_LANGUAGE_STANDARD = gnu17;
				GCC_DYNAMIC_NO_PIC = NO;
				GCC_NO_COMMON_BLOCKS = YES;
				GCC_OPTIMIZATION_LEVEL = 0;
				GCC_PREPROCESSOR_DEFINITIONS = (
					"DEBUG=1",
					"$(inherited)",
				);
				GCC_WARN_64_TO_32_BIT_CONVERSION = YES;
				GCC_WARN_ABOUT_RETURN_TYPE = YES_ERROR;
				GCC_WARN_UNDECLARED_SELECTOR = YES;
				GCC_WARN_UNINITIALIZED_AUTOS = YES_AGGRESSIVE;
				GCC_WARN_UNUSED_FUNCTION = YES;
				GCC_WARN_UNUSED_VARIABLE = YES;
				IPHONEOS_DEPLOYMENT_TARGET = 17.5;
				LOCALIZATION_PREFERS_STRING_CATALOGS = YES;
				MTL_ENABLE_DEBUG_INFO = INCLUDE_SOURCE;
				MTL_FAST_MATH = YES;
				ONLY_ACTIVE_ARCH = YES;
				SDKROOT = iphoneos;
				SWIFT_ACTIVE_COMPILATION_CONDITIONS = "DEBUG $(inherited)";
				SWIFT_OPTIMIZATION_LEVEL = "-Onone";
			};
			name = Debug;
		};
		5798A4B62C5DFE4600FCAA66 /* Release */ = {
			isa = XCBuildConfiguration;
			buildSettings = {
				ALWAYS_SEARCH_USER_PATHS = NO;
				ASSETCATALOG_COMPILER_GENERATE_SWIFT_ASSET_SYMBOL_EXTENSIONS = YES;
				CLANG_ANALYZER_NONNULL = YES;
				CLANG_ANALYZER_NUMBER_OBJECT_CONVERSION = YES_AGGRESSIVE;
				CLANG_CXX_LANGUAGE_STANDARD = "gnu++20";
				CLANG_ENABLE_MODULES = YES;
				CLANG_ENABLE_OBJC_ARC = YES;
				CLANG_ENABLE_OBJC_WEAK = YES;
				CLANG_WARN_BLOCK_CAPTURE_AUTORELEASING = YES;
				CLANG_WARN_BOOL_CONVERSION = YES;
				CLANG_WARN_COMMA = YES;
				CLANG_WARN_CONSTANT_CONVERSION = YES;
				CLANG_WARN_DEPRECATED_OBJC_IMPLEMENTATIONS = YES;
				CLANG_WARN_DIRECT_OBJC_ISA_USAGE = YES_ERROR;
				CLANG_WARN_DOCUMENTATION_COMMENTS = YES;
				CLANG_WARN_EMPTY_BODY = YES;
				CLANG_WARN_ENUM_CONVERSION = YES;
				CLANG_WARN_INFINITE_RECURSION = YES;
				CLANG_WARN_INT_CONVERSION = YES;
				CLANG_WARN_NON_LITERAL_NULL_CONVERSION = YES;
				CLANG_WARN_OBJC_IMPLICIT_RETAIN_SELF = YES;
				CLANG_WARN_OBJC_LITERAL_CONVERSION = YES;
				CLANG_WARN_OBJC_ROOT_CLASS = YES_ERROR;
				CLANG_WARN_QUOTED_INCLUDE_IN_FRAMEWORK_HEADER = YES;
				CLANG_WARN_RANGE_LOOP_ANALYSIS = YES;
				CLANG_WARN_STRICT_PROTOTYPES = YES;
				CLANG_WARN_SUSPICIOUS_MOVE = YES;
				CLANG_WARN_UNGUARDED_AVAILABILITY = YES_AGGRESSIVE;
				CLANG_WARN_UNREACHABLE_CODE = YES;
				CLANG_WARN__DUPLICATE_METHOD_MATCH = YES;
				COPY_PHASE_STRIP = NO;
				DEBUG_INFORMATION_FORMAT = "dwarf-with-dsym";
				ENABLE_NS_ASSERTIONS = NO;
				ENABLE_STRICT_OBJC_MSGSEND = YES;
				ENABLE_USER_SCRIPT_SANDBOXING = YES;
				GCC_C_LANGUAGE_STANDARD = gnu17;
				GCC_NO_COMMON_BLOCKS = YES;
				GCC_WARN_64_TO_32_BIT_CONVERSION = YES;
				GCC_WARN_ABOUT_RETURN_TYPE = YES_ERROR;
				GCC_WARN_UNDECLARED_SELECTOR = YES;
				GCC_WARN_UNINITIALIZED_AUTOS = YES_AGGRESSIVE;
				GCC_WARN_UNUSED_FUNCTION = YES;
				GCC_WARN_UNUSED_VARIABLE = YES;
				IPHONEOS_DEPLOYMENT_TARGET = 17.5;
				LOCALIZATION_PREFERS_STRING_CATALOGS = YES;
				MTL_ENABLE_DEBUG_INFO = NO;
				MTL_FAST_MATH = YES;
				SDKROOT = iphoneos;
				SWIFT_COMPILATION_MODE = wholemodule;
				VALIDATE_PRODUCT = YES;
			};
			name = Release;
		};
		5798A4B82C5DFE4600FCAA66 /* Debug */ = {
			isa = XCBuildConfiguration;
			buildSettings = {
				ALWAYS_EMBED_SWIFT_STANDARD_LIBRARIES = YES;
				ASSETCATALOG_COMPILER_APPICON_NAME = AppIcon;
				ASSETCATALOG_COMPILER_GLOBAL_ACCENT_COLOR_NAME = AccentColor;
				CODE_SIGN_STYLE = Automatic;
				CURRENT_PROJECT_VERSION = 1;
				DEVELOPMENT_ASSET_PATHS = "\"Keybaords/Preview Content\"";
				DEVELOPMENT_TEAM = LVDPYK299G;
				ENABLE_PREVIEWS = YES;
				GENERATE_INFOPLIST_FILE = YES;
				INFOPLIST_KEY_UIApplicationSceneManifest_Generation = YES;
				INFOPLIST_KEY_UIApplicationSupportsIndirectInputEvents = YES;
				INFOPLIST_KEY_UILaunchScreen_Generation = YES;
				INFOPLIST_KEY_UISupportedInterfaceOrientations_iPad = "UIInterfaceOrientationPortrait UIInterfaceOrientationPortraitUpsideDown UIInterfaceOrientationLandscapeLeft UIInterfaceOrientationLandscapeRight";
				INFOPLIST_KEY_UISupportedInterfaceOrientations_iPhone = "UIInterfaceOrientationPortrait UIInterfaceOrientationLandscapeLeft UIInterfaceOrientationLandscapeRight";
				LD_RUNPATH_SEARCH_PATHS = (
					"$(inherited)",
					"@executable_path/Frameworks",
				);
				MARKETING_VERSION = 1.0;
				PRODUCT_BUNDLE_IDENTIFIER = kim.hoie.Keybaords;
				PRODUCT_NAME = "$(TARGET_NAME)";
				SWIFT_EMIT_LOC_STRINGS = YES;
				SWIFT_VERSION = 5.0;
				TARGETED_DEVICE_FAMILY = "1,2";
			};
			name = Debug;
		};
		5798A4B92C5DFE4600FCAA66 /* Release */ = {
			isa = XCBuildConfiguration;
			buildSettings = {
				ALWAYS_EMBED_SWIFT_STANDARD_LIBRARIES = YES;
				ASSETCATALOG_COMPILER_APPICON_NAME = AppIcon;
				ASSETCATALOG_COMPILER_GLOBAL_ACCENT_COLOR_NAME = AccentColor;
				CODE_SIGN_STYLE = Automatic;
				CURRENT_PROJECT_VERSION = 1;
				DEVELOPMENT_ASSET_PATHS = "\"Keybaords/Preview Content\"";
				DEVELOPMENT_TEAM = LVDPYK299G;
				ENABLE_PREVIEWS = YES;
				GENERATE_INFOPLIST_FILE = YES;
				INFOPLIST_KEY_UIApplicationSceneManifest_Generation = YES;
				INFOPLIST_KEY_UIApplicationSupportsIndirectInputEvents = YES;
				INFOPLIST_KEY_UILaunchScreen_Generation = YES;
				INFOPLIST_KEY_UISupportedInterfaceOrientations_iPad = "UIInterfaceOrientationPortrait UIInterfaceOrientationPortraitUpsideDown UIInterfaceOrientationLandscapeLeft UIInterfaceOrientationLandscapeRight";
				INFOPLIST_KEY_UISupportedInterfaceOrientations_iPhone = "UIInterfaceOrientationPortrait UIInterfaceOrientationLandscapeLeft UIInterfaceOrientationLandscapeRight";
				LD_RUNPATH_SEARCH_PATHS = (
					"$(inherited)",
					"@executable_path/Frameworks",
				);
				MARKETING_VERSION = 1.0;
				PRODUCT_BUNDLE_IDENTIFIER = kim.hoie.Keybaords;
				PRODUCT_NAME = "$(TARGET_NAME)";
				SWIFT_EMIT_LOC_STRINGS = YES;
				SWIFT_VERSION = 5.0;
				TARGETED_DEVICE_FAMILY = "1,2";
			};
			name = Release;
		};
		5798A4C72C5EE8AD00FCAA66 /* Debug */ = {
			isa = XCBuildConfiguration;
			buildSettings = {
				CODE_SIGN_STYLE = Automatic;
				CURRENT_PROJECT_VERSION = 1;
				DEVELOPMENT_TEAM = LVDPYK299G;
				GENERATE_INFOPLIST_FILE = YES;
				INFOPLIST_FILE = "Hoie Keyboard/Info.plist";
				INFOPLIST_KEY_CFBundleDisplayName = "Hoie Keyboard";
				INFOPLIST_KEY_NSHumanReadableCopyright = "";
				LD_RUNPATH_SEARCH_PATHS = (
					"$(inherited)",
					"@executable_path/Frameworks",
					"@executable_path/../../Frameworks",
				);
				MARKETING_VERSION = 1.0;
				PRODUCT_BUNDLE_IDENTIFIER = "kim.hoie.Keybaords.Hoie-Keyboard";
				PRODUCT_NAME = "$(TARGET_NAME)";
				SKIP_INSTALL = YES;
				SWIFT_EMIT_LOC_STRINGS = YES;
				SWIFT_VERSION = 5.0;
				TARGETED_DEVICE_FAMILY = "1,2";
			};
			name = Debug;
		};
		5798A4C82C5EE8AD00FCAA66 /* Release */ = {
			isa = XCBuildConfiguration;
			buildSettings = {
				CODE_SIGN_STYLE = Automatic;
				CURRENT_PROJECT_VERSION = 1;
				DEVELOPMENT_TEAM = LVDPYK299G;
				GENERATE_INFOPLIST_FILE = YES;
				INFOPLIST_FILE = "Hoie Keyboard/Info.plist";
				INFOPLIST_KEY_CFBundleDisplayName = "Hoie Keyboard";
				INFOPLIST_KEY_NSHumanReadableCopyright = "";
				LD_RUNPATH_SEARCH_PATHS = (
					"$(inherited)",
					"@executable_path/Frameworks",
					"@executable_path/../../Frameworks",
				);
				MARKETING_VERSION = 1.0;
				PRODUCT_BUNDLE_IDENTIFIER = "kim.hoie.Keybaords.Hoie-Keyboard";
				PRODUCT_NAME = "$(TARGET_NAME)";
				SKIP_INSTALL = YES;
				SWIFT_EMIT_LOC_STRINGS = YES;
				SWIFT_VERSION = 5.0;
				TARGETED_DEVICE_FAMILY = "1,2";
			};
			name = Release;
		};
/* End XCBuildConfiguration section */

/* Begin XCConfigurationList section */
		5798A4A42C5DFE4400FCAA66 /* Build configuration list for PBXProject "Keybaords" */ = {
			isa = XCConfigurationList;
			buildConfigurations = (
				5798A4B52C5DFE4600FCAA66 /* Debug */,
				5798A4B62C5DFE4600FCAA66 /* Release */,
			);
			defaultConfigurationIsVisible = 0;
			defaultConfigurationName = Release;
		};
		5798A4B72C5DFE4600FCAA66 /* Build configuration list for PBXNativeTarget "Keybaords" */ = {
			isa = XCConfigurationList;
			buildConfigurations = (
				5798A4B82C5DFE4600FCAA66 /* Debug */,
				5798A4B92C5DFE4600FCAA66 /* Release */,
			);
			defaultConfigurationIsVisible = 0;
			defaultConfigurationName = Release;
		};
		5798A4C62C5EE8AD00FCAA66 /* Build configuration list for PBXNativeTarget "Hoie Keyboard" */ = {
			isa = XCConfigurationList;
			buildConfigurations = (
				5798A4C72C5EE8AD00FCAA66 /* Debug */,
				5798A4C82C5EE8AD00FCAA66 /* Release */,
			);
			defaultConfigurationIsVisible = 0;
			defaultConfigurationName = Release;
		};
/* End XCConfigurationList section */
	};
	rootObject = 5798A4A12C5DFE4400FCAA66 /* Project object */;
}
